<?xml version="1.0" encoding="UTF-8"?>
<CONFIG>
  <ProjectOptions>
    <Version Value="12"/>
    <PathDelim Value="\"/>
    <General>
      <SessionStorage Value="InProjectDir"/>
      <Title Value="citk"/>
      <Scaled Value="True"/>
      <ResourceType Value="res"/>
      <UseXPManifest Value="True"/>
      <XPManifest>
        <DpiAware Value="True"/>
        <TextName Value="citk.POS.Charlie"/>
        <TextDesc Value="Point of Sale"/>
      </XPManifest>
      <Icon Value="0"/>
    </General>
    <VersionInfo>
      <UseVersionInfo Value="True"/>
      <AutoIncrementBuild Value="True"/>
      <MajorVersionNr Value="1"/>
      <BuildNr Value="5"/>
      <Attributes pvaPreRelease="True"/>
      <StringTable CompanyName="CelineInTheKitchen" FileDescription="Point Of Sale" InternalName="citk" LegalCopyright="Chtilux 2022" LegalTrademarks="Chtilux" OriginalFilename="citk" ProductName="citk.Charlie" ProductVersion="1.0"/>
    </VersionInfo>
    <BuildModes>
      <Item Name="Default" Default="True"/>
    </BuildModes>
    <PublishOptions>
      <Version Value="2"/>
      <UseFileFilters Value="True"/>
    </PublishOptions>
    <RunParams>
      <FormatVersion Value="2"/>
    </RunParams>
    <RequiredPackages>
      <Item>
        <PackageName Value="lazreport"/>
      </Item>
      <Item>
        <PackageName Value="Chtilux"/>
      </Item>
      <Item>
        <PackageName Value="dcpcrypt"/>
      </Item>
      <Item>
        <PackageName Value="DateTimeCtrls"/>
      </Item>
      <Item>
        <PackageName Value="FCL"/>
      </Item>
      <Item>
        <PackageName Value="RunTimeTypeInfoControls"/>
      </Item>
      <Item>
        <PackageName Value="LazControls"/>
      </Item>
      <Item>
        <PackageName Value="LCL"/>
      </Item>
    </RequiredPackages>
    <Units>
      <Unit>
        <Filename Value="citk.lpr"/>
        <IsPartOfProject Value="True"/>
      </Unit>
      <Unit>
        <Filename Value="mainwindow.pas"/>
        <IsPartOfProject Value="True"/>
        <ComponentName Value="MainW"/>
        <HasResources Value="True"/>
        <ResourceBaseClass Value="Form"/>
      </Unit>
      <Unit>
        <Filename Value="citk.database.pas"/>
        <IsPartOfProject Value="True"/>
      </Unit>
      <Unit>
        <Filename Value="citk.global.pas"/>
        <IsPartOfProject Value="True"/>
      </Unit>
      <Unit>
        <Filename Value="citk.firebird.pas"/>
        <IsPartOfProject Value="True"/>
      </Unit>
      <Unit>
        <Filename Value="citk.login.pas"/>
        <IsPartOfProject Value="True"/>
      </Unit>
      <Unit>
        <Filename Value="citk.logindialog.pas"/>
        <IsPartOfProject Value="True"/>
        <ComponentName Value="LoginW"/>
        <HasResources Value="True"/>
        <ResourceBaseClass Value="Form"/>
        <UnitName Value="citk.loginDialog"/>
      </Unit>
      <Unit>
        <Filename Value="citk.utils.pas"/>
        <IsPartOfProject Value="True"/>
      </Unit>
      <Unit>
        <Filename Value="citk.user.pas"/>
        <IsPartOfProject Value="True"/>
      </Unit>
      <Unit>
        <Filename Value="citk.persistence.pas"/>
        <IsPartOfProject Value="True"/>
      </Unit>
      <Unit>
        <Filename Value="citk.encrypt.pas"/>
        <IsPartOfProject Value="True"/>
      </Unit>
      <Unit>
        <Filename Value="citk.datamodule.pas"/>
        <IsPartOfProject Value="True"/>
        <ComponentName Value="citkDataModule"/>
        <HasResources Value="True"/>
        <ResourceBaseClass Value="DataModule"/>
        <UnitName Value="citk.DataModule"/>
      </Unit>
      <Unit>
        <Filename Value="citk.datagridform.pas"/>
        <IsPartOfProject Value="True"/>
        <ComponentName Value="DataGridForm"/>
        <HasResources Value="True"/>
        <ResourceBaseClass Value="Form"/>
        <UnitName Value="citk.DataGridForm"/>
      </Unit>
      <Unit>
        <Filename Value="citk.dictionary.pas"/>
        <IsPartOfProject Value="True"/>
      </Unit>
      <Unit>
        <Filename Value="citk.productwindow.pas"/>
        <IsPartOfProject Value="True"/>
        <ComponentName Value="ProductW"/>
        <HasResources Value="True"/>
        <ResourceBaseClass Value="Form"/>
        <UnitName Value="citk.ProductWindow"/>
      </Unit>
      <Unit>
        <Filename Value="citk.customerswindow.pas"/>
        <IsPartOfProject Value="True"/>
        <ComponentName Value="CustomersW"/>
        <HasResources Value="True"/>
        <ResourceBaseClass Value="Form"/>
        <UnitName Value="citk.customersWindow"/>
      </Unit>
      <Unit>
        <Filename Value="citk.customers.pas"/>
        <IsPartOfProject Value="True"/>
      </Unit>
      <Unit>
        <Filename Value="citk.eventswindow.pas"/>
        <IsPartOfProject Value="True"/>
        <ComponentName Value="EventsW"/>
        <HasResources Value="True"/>
        <ResourceBaseClass Value="Form"/>
        <UnitName Value="citk.EventsWindow"/>
      </Unit>
      <Unit>
        <Filename Value="citk.events.pas"/>
        <IsPartOfProject Value="True"/>
        <UnitName Value="citk.Events"/>
      </Unit>
      <Unit>
        <Filename Value="citk.eventdetail.pas"/>
        <IsPartOfProject Value="True"/>
        <UnitName Value="citk.EventDetail"/>
      </Unit>
      <Unit>
        <Filename Value="citk.eventdetailwindow.pas"/>
        <IsPartOfProject Value="True"/>
        <ComponentName Value="EventDetailW"/>
        <ResourceBaseClass Value="Form"/>
        <UnitName Value="citk.eventdetailWindow"/>
      </Unit>
      <Unit>
        <Filename Value="citk.billingwindow.pas"/>
        <IsPartOfProject Value="True"/>
        <ComponentName Value="BillingW"/>
        <HasResources Value="True"/>
        <ResourceBaseClass Value="Form"/>
        <UnitName Value="citk.BillingWindow"/>
      </Unit>
      <Unit>
        <Filename Value="citk.products.pas"/>
        <IsPartOfProject Value="True"/>
      </Unit>
      <Unit>
        <Filename Value="citk.vat.pas"/>
        <IsPartOfProject Value="True"/>
      </Unit>
      <Unit>
        <Filename Value="citk.vatwindow.pas"/>
        <IsPartOfProject Value="True"/>
        <ComponentName Value="VATW"/>
        <HasResources Value="True"/>
        <ResourceBaseClass Value="Form"/>
        <UnitName Value="citk.VATWindow"/>
      </Unit>
      <Unit>
        <Filename Value="citk.bill.pas"/>
        <IsPartOfProject Value="True"/>
      </Unit>
      <Unit>
        <Filename Value="citk.output.pas"/>
        <IsPartOfProject Value="True"/>
        <UnitName Value="citk.Output"/>
      </Unit>
      <Unit>
        <Filename Value="citk.pdfoutput.pas"/>
        <IsPartOfProject Value="True"/>
        <UnitName Value="citk.PDFOutput"/>
      </Unit>
      <Unit>
        <Filename Value="citk.dailyrecapwindow.pas"/>
        <IsPartOfProject Value="True"/>
        <ComponentName Value="DailyRecapW"/>
        <HasResources Value="True"/>
        <ResourceBaseClass Value="Form"/>
        <UnitName Value="citk.DailyRecapWindow"/>
      </Unit>
      <Unit>
        <Filename Value="citk.dailyrecap.pas"/>
        <IsPartOfProject Value="True"/>
        <UnitName Value="citk.DailyRecap"/>
      </Unit>
    </Units>
  </ProjectOptions>
  <CompilerOptions>
    <Version Value="11"/>
    <PathDelim Value="\"/>
    <Target>
      <Filename Value="c:\users\Joelle\Documents\Lazarus\Projects\bin\citk"/>
    </Target>
    <SearchPaths>
      <IncludeFiles Value="$(ProjOutDir)"/>
      <UnitOutputDirectory Value="lib\$(TargetCPU)-$(TargetOS)"/>
    </SearchPaths>
    <Parsing>
      <SyntaxOptions>
        <IncludeAssertionCode Value="True"/>
      </SyntaxOptions>
    </Parsing>
    <Linking>
      <Debugging>
        <DebugInfoType Value="dsDwarf2Set"/>
      </Debugging>
      <Options>
        <Win32>
          <GraphicApplication Value="True"/>
        </Win32>
      </Options>
    </Linking>
  </CompilerOptions>
  <Debugging>
    <Exceptions>
      <Item>
        <Name Value="EAbort"/>
        <Enabled Value="False"/>
      </Item>
      <Item>
        <Name Value="ECodetoolError"/>
        <Enabled Value="False"/>
      </Item>
      <Item>
        <Name Value="EFOpenError"/>
        <Enabled Value="False"/>
      </Item>
      <Item>
        <Name Value="Exception"/>
        <Enabled Value="False"/>
      </Item>
    </Exceptions>
  </Debugging>
</CONFIG>
